{
  "name": "@composed-di/instrumentation-otel",
  "version": "0.5.0-alpha",
  "lockfileVersion": 3,
  "requires": true,
  "packages": {
    "": {
      "name": "@composed-di/instrumentation-otel",
      "version": "0.5.0-alpha",
      "license": "MIT",
      "dependencies": {
        "@composed-di/core": "file:../core",
        "@opentelemetry/semantic-conventions": "^1.30.0"
      },
      "devDependencies": {
        "@opentelemetry/api": "1.9.1",
        "@opentelemetry/context-async-hooks": "^2.9.0",
        "@opentelemetry/sdk-trace-base": "^2.9.0"
      },
      "peerDependencies": {
        "@opentelemetry/api": "^1.9.0"
      }
    },
    "../../node_modules/.pnpm/@opentelemetry+api@1.9.1/node_modules/@opentelemetry/api": {
      "version": "1.9.1",
      "dev": true,
      "license": "Apache-2.0",
      "peer": true,
      "devDependencies": {
        "@types/mocha": "10.0.10",
        "@types/node": "^8.10.66",
        "@types/sinon": "17.0.4",
        "@types/webpack": "5.28.5",
        "@types/webpack-env": "1.16.3",
        "babel-plugin-istanbul": "7.0.1",
        "dpdm": "4.0.1",
        "karma": "6.4.4",
        "karma-chrome-launcher": "3.1.0",
        "karma-coverage": "2.2.1",
        "karma-mocha": "2.0.1",
        "karma-mocha-webworker": "1.3.0",
        "karma-spec-reporter": "0.0.36",
        "karma-webpack": "5.0.1",
        "memfs": "3.5.3",
        "mocha": "11.7.5",
        "nyc": "17.1.0",
        "sinon": "18.0.1",
        "ts-loader": "9.5.4",
        "typescript": "5.0.4",
        "unionfs": "4.5.4",
        "webpack": "5.104.1"
      },
      "engines": {
        "node": ">=8.0.0"
      }
    },
    "../../node_modules/.pnpm/@opentelemetry+sdk-trace-base@2.9.0_@opentelemetry+api@1.9.1/node_modules/@opentelemetry/sdk-trace-base": {
      "version": "2.9.0",
      "dev": true,
      "license": "Apache-2.0",
      "dependencies": {
        "@opentelemetry/core": "2.9.0",
        "@opentelemetry/resources": "2.9.0",
        "@opentelemetry/sdk-trace": "2.9.0",
        "@opentelemetry/semantic-conventions": "^1.29.0"
      },
      "devDependencies": {
        "@opentelemetry/api": ">=1.3.0 <1.10.0",
        "@opentelemetry/context-async-hooks": "2.9.0",
        "@opentelemetry/sdk-metrics": "2.9.0",
        "@types/benchmark": "2.1.5",
        "@types/mocha": "10.0.10",
        "@types/node": "18.19.130",
        "@types/sinon": "17.0.4",
        "@types/webpack-env": "1.16.3",
        "babel-plugin-istanbul": "8.0.0",
        "karma": "6.4.4",
        "karma-chrome-launcher": "3.1.0",
        "karma-coverage": "2.2.1",
        "karma-mocha": "2.0.1",
        "karma-mocha-webworker": "1.3.0",
        "karma-spec-reporter": "0.0.36",
        "karma-webpack": "5.0.1",
        "mocha": "11.7.6",
        "nyc": "17.1.0",
        "sinon": "18.0.1",
        "ts-loader": "9.5.7",
        "typescript": "5.0.4",
        "webpack": "5.104.1"
      },
      "engines": {
        "node": "^18.19.0 || >=20.6.0"
      },
      "peerDependencies": {
        "@opentelemetry/api": ">=1.3.0 <1.10.0"
      }
    },
    "../core": {
      "name": "@composed-di/core",
      "version": "0.5.0-alpha",
      "license": "MIT"
    },
    "node_modules/@composed-di/core": {
      "resolved": "../core",
      "link": true
    },
    "node_modules/@opentelemetry/api": {
      "resolved": "../../node_modules/.pnpm/@opentelemetry+api@1.9.1/node_modules/@opentelemetry/api",
      "link": true
    },
    "node_modules/@opentelemetry/context-async-hooks": {
      "version": "2.9.0",
      "resolved": "https://registry.npmjs.org/@opentelemetry/context-async-hooks/-/context-async-hooks-2.9.0.tgz",
      "integrity": "sha512-OQ0vzvbZBiUhjqLnUaoNfYmP8553Crr3aggB4y0ZUi815mZ7idpdJXQmoKdeBKJelYttoBlLSSHubmyw3wvX4w==",
      "dev": true,
      "license": "Apache-2.0",
      "engines": {
        "node": "^18.19.0 || >=20.6.0"
      },
      "peerDependencies": {
        "@opentelemetry/api": ">=1.0.0 <1.10.0"
      }
    },
    "node_modules/@opentelemetry/sdk-trace-base": {
      "resolved": "../../node_modules/.pnpm/@opentelemetry+sdk-trace-base@2.9.0_@opentelemetry+api@1.9.1/node_modules/@opentelemetry/sdk-trace-base",
      "link": true
    },
    "node_modules/@opentelemetry/semantic-conventions": {
      "version": "1.42.0",
      "resolved": "https://registry.npmjs.org/@opentelemetry/semantic-conventions/-/semantic-conventions-1.42.0.tgz",
      "integrity": "sha512-icc5xCzndZfhuJMy5oqk5AvloWquR7jtae74qzpkKkhGp8BivK+oCcEXgGnjCdTfp8hA44l+w8gE8yYJbocJJw==",
      "license": "Apache-2.0",
      "engines": {
        "node": ">=14"
      }
    }
  }
}
